<Solution>
  <Project Path="Console/Console.csproj">
    <Build Solution="Debug|*" Project="false" />
  </Project>
  <Project Path="GUI/WinForms.csproj" Id="0d327e54-67a2-44d1-8afd-5aeb250a7dd7" />
  <Project Path="Maui/Maui.csproj" Id="f8824bdc-dee1-44fd-ac95-243e1e9242bc">
    <Deploy Solution="Debug|*" />
  </Project>
  <Project Path="Picross/Core.csproj" />
</Solution>
